<?xml version="1.0" encoding="utf-8"?>
<Project ToolsVersion="15.0" xmlns="http://schemas.microsoft.com/developer/msbuild/2003">
  <ItemGroup>
    <CustomBuild Include="E:\gitRepo\cmakelearn\Demo4\vs2017\CMakeFiles\26d98df43cd363fca893f4ee7d94bafc\generate.stamp.rule">
      <Filter>CMake Rules</Filter>
    </CustomBuild>
  </ItemGroup>
  <ItemGroup>
    <Filter Include="CMake Rules">
      <UniqueIdentifier>{10A836B4-F15C-3F2D-8721-257927A0DE97}</UniqueIdentifier>
    </Filter>
  </ItemGroup>
</Project>
